
Microsoft Visual Studio Solution File, Format Version 12.00
# Visual Studio 14
VisualStudioVersion = 14.0.25420.1
MinimumVisualStudioVersion = 10.0.40219.1
<<<<<<< HEAD
Project("{FAE04EC0-301F-11D3-BF4B-00C04F79EFBC}") = "GuitarStore.Domain", "GuitarStore.Domain\GuitarStore.Domain.csproj", "{655F0807-8F00-4BFD-A8AA-69F35C9D1CA4}"
EndProject
Project("{FAE04EC0-301F-11D3-BF4B-00C04F79EFBC}") = "GuitarStore.WebUi", "GuitarStore.WebUi\GuitarStore.WebUi.csproj", "{C3B94E73-079F-4332-AF80-3E9A228458D8}"
=======
Project("{FAE04EC0-301F-11D3-BF4B-00C04F79EFBC}") = "GuitarStore.Domain", "GuitarStore.Domain\GuitarStore.Domain.csproj", "{A61EA9C6-B1C0-4802-9E8E-AEC9D9A57B9D}"
EndProject
Project("{FAE04EC0-301F-11D3-BF4B-00C04F79EFBC}") = "GuitarStore.WebUI", "GuitarStore.WebUI\GuitarStore.WebUI.csproj", "{F9143756-9462-499A-ACA6-E1831716B51E}"
>>>>>>> 1a40977b42b1850b739beb5d58867f68993f82e6
EndProject
Global
	GlobalSection(SolutionConfigurationPlatforms) = preSolution
		Debug|Any CPU = Debug|Any CPU
		Release|Any CPU = Release|Any CPU
	EndGlobalSection
	GlobalSection(ProjectConfigurationPlatforms) = postSolution
<<<<<<< HEAD
		{655F0807-8F00-4BFD-A8AA-69F35C9D1CA4}.Debug|Any CPU.ActiveCfg = Debug|Any CPU
		{655F0807-8F00-4BFD-A8AA-69F35C9D1CA4}.Debug|Any CPU.Build.0 = Debug|Any CPU
		{655F0807-8F00-4BFD-A8AA-69F35C9D1CA4}.Release|Any CPU.ActiveCfg = Release|Any CPU
		{655F0807-8F00-4BFD-A8AA-69F35C9D1CA4}.Release|Any CPU.Build.0 = Release|Any CPU
		{C3B94E73-079F-4332-AF80-3E9A228458D8}.Debug|Any CPU.ActiveCfg = Debug|Any CPU
		{C3B94E73-079F-4332-AF80-3E9A228458D8}.Debug|Any CPU.Build.0 = Debug|Any CPU
		{C3B94E73-079F-4332-AF80-3E9A228458D8}.Release|Any CPU.ActiveCfg = Release|Any CPU
		{C3B94E73-079F-4332-AF80-3E9A228458D8}.Release|Any CPU.Build.0 = Release|Any CPU
=======
		{A61EA9C6-B1C0-4802-9E8E-AEC9D9A57B9D}.Debug|Any CPU.ActiveCfg = Debug|Any CPU
		{A61EA9C6-B1C0-4802-9E8E-AEC9D9A57B9D}.Debug|Any CPU.Build.0 = Debug|Any CPU
		{A61EA9C6-B1C0-4802-9E8E-AEC9D9A57B9D}.Release|Any CPU.ActiveCfg = Release|Any CPU
		{A61EA9C6-B1C0-4802-9E8E-AEC9D9A57B9D}.Release|Any CPU.Build.0 = Release|Any CPU
		{F9143756-9462-499A-ACA6-E1831716B51E}.Debug|Any CPU.ActiveCfg = Debug|Any CPU
		{F9143756-9462-499A-ACA6-E1831716B51E}.Debug|Any CPU.Build.0 = Debug|Any CPU
		{F9143756-9462-499A-ACA6-E1831716B51E}.Release|Any CPU.ActiveCfg = Release|Any CPU
		{F9143756-9462-499A-ACA6-E1831716B51E}.Release|Any CPU.Build.0 = Release|Any CPU
>>>>>>> 1a40977b42b1850b739beb5d58867f68993f82e6
	EndGlobalSection
	GlobalSection(SolutionProperties) = preSolution
		HideSolutionNode = FALSE
	EndGlobalSection
EndGlobal
